// !$*UTF8*$!
{
	archiveVersion = 1;
	classes = {
	};
	objectVersion = 46;
	objects = {

/* Begin PBXBuildFile section */
		13A41D6318C954E4009A27DB /* Foundation.framework in Frameworks */ = {isa = PBXBuildFile; fileRef = 13A41D6218C954E4009A27DB /* Foundation.framework */; };
		13A41D6518C954E4009A27DB /* CoreGraphics.framework in Frameworks */ = {isa = PBXBuildFile; fileRef = 13A41D6418C954E4009A27DB /* CoreGraphics.framework */; };
		13A41D6718C954E4009A27DB /* UIKit.framework in Frameworks */ = {isa = PBXBuildFile; fileRef = 13A41D6618C954E4009A27DB /* UIKit.framework */; };
		13A41D6D18C954E4009A27DB /* InfoPlist.strings in Resources */ = {isa = PBXBuildFile; fileRef = 13A41D6B18C954E4009A27DB /* InfoPlist.strings */; };
		13A41D6F18C954E4009A27DB /* main.m in Sources */ = {isa = PBXBuildFile; fileRef = 13A41D6E18C954E4009A27DB /* main.m */; };
		13A41D7318C954E4009A27DB /* MRAppDelegate.m in Sources */ = {isa = PBXBuildFile; fileRef = 13A41D7218C954E4009A27DB /* MRAppDelegate.m */; };
		13A41D7618C954E4009A27DB /* Main.storyboard in Resources */ = {isa = PBXBuildFile; fileRef = 13A41D7418C954E4009A27DB /* Main.storyboard */; };
		13A41D7918C954E4009A27DB /* MRViewController.m in Sources */ = {isa = PBXBuildFile; fileRef = 13A41D7818C954E4009A27DB /* MRViewController.m */; };
		13A41D7B18C954E4009A27DB /* Images.xcassets in Resources */ = {isa = PBXBuildFile; fileRef = 13A41D7A18C954E4009A27DB /* Images.xcassets */; };
		13A41D8218C954E4009A27DB /* XCTest.framework in Frameworks */ = {isa = PBXBuildFile; fileRef = 13A41D8118C954E4009A27DB /* XCTest.framework */; };
		13A41D8318C954E4009A27DB /* Foundation.framework in Frameworks */ = {isa = PBXBuildFile; fileRef = 13A41D6218C954E4009A27DB /* Foundation.framework */; };
		13A41D8418C954E4009A27DB /* UIKit.framework in Frameworks */ = {isa = PBXBuildFile; fileRef = 13A41D6618C954E4009A27DB /* UIKit.framework */; };
		13A41D8C18C954E4009A27DB /* InfoPlist.strings in Resources */ = {isa = PBXBuildFile; fileRef = 13A41D8A18C954E4009A27DB /* InfoPlist.strings */; };
		13A41D8E18C954E4009A27DB /* Man_s_Best_FriendTests.m in Sources */ = {isa = PBXBuildFile; fileRef = 13A41D8D18C954E4009A27DB /* Man_s_Best_FriendTests.m */; };
/* End PBXBuildFile section */

/* Begin PBXContainerItemProxy section */
		13A41D8518C954E4009A27DB /* PBXContainerItemProxy */ = {
			isa = PBXContainerItemProxy;
			containerPortal = 13A41D5718C954E4009A27DB /* Project object */;
			proxyType = 1;
			remoteGlobalIDString = 13A41D5E18C954E4009A27DB;
			remoteInfo = "Man's Best Friend";
		};
/* End PBXContainerItemProxy section */

/* Begin PBXFileReference section */
		13A41D5F18C954E4009A27DB /* Man's Best Friend.app */ = {isa = PBXFileReference; explicitFileType = wrapper.application; includeInIndex = 0; path = "Man's Best Friend.app"; sourceTree = BUILT_PRODUCTS_DIR; };
		13A41D6218C954E4009A27DB /* Foundation.framework */ = {isa = PBXFileReference; lastKnownFileType = wrapper.framework; name = Foundation.framework; path = System/Library/Frameworks/Foundation.framework; sourceTree = SDKROOT; };
		13A41D6418C954E4009A27DB /* CoreGraphics.framework */ = {isa = PBXFileReference; lastKnownFileType = wrapper.framework; name = CoreGraphics.framework; path = System/Library/Frameworks/CoreGraphics.framework; sourceTree = SDKROOT; };
		13A41D6618C954E4009A27DB /* UIKit.framework */ = {isa = PBXFileReference; lastKnownFileType = wrapper.framework; name = UIKit.framework; path = System/Library/Frameworks/UIKit.framework; sourceTree = SDKROOT; };
		13A41D6A18C954E4009A27DB /* Man's Best Friend-Info.plist */ = {isa = PBXFileReference; lastKnownFileType = text.plist.xml; path = "Man's Best Friend-Info.plist"; sourceTree = "<group>"; };
		13A41D6C18C954E4009A27DB /* en */ = {isa = PBXFileReference; lastKnownFileType = text.plist.strings; name = en; path = en.lproj/InfoPlist.strings; sourceTree = "<group>"; };
		13A41D6E18C954E4009A27DB /* main.m */ = {isa = PBXFileReference; lastKnownFileType = sourcecode.c.objc; path = main.m; sourceTree = "<group>"; };
		13A41D7018C954E4009A27DB /* Man's Best Friend-Prefix.pch */ = {isa = PBXFileReference; lastKnownFileType = sourcecode.c.h; path = "Man's Best Friend-Prefix.pch"; sourceTree = "<group>"; };
		13A41D7118C954E4009A27DB /* MRAppDelegate.h */ = {isa = PBXFileReference; lastKnownFileType = sourcecode.c.h; path = MRAppDelegate.h; sourceTree = "<group>"; };
		13A41D7218C954E4009A27DB /* MRAppDelegate.m */ = {isa = PBXFileReference; lastKnownFileType = sourcecode.c.objc; path = MRAppDelegate.m; sourceTree = "<group>"; };
		13A41D7518C954E4009A27DB /* Base */ = {isa = PBXFileReference; lastKnownFileType = file.storyboard; name = Base; path = Base.lproj/Main.storyboard; sourceTree = "<group>"; };
		13A41D7718C954E4009A27DB /* MRViewController.h */ = {isa = PBXFileReference; lastKnownFileType = sourcecode.c.h; path = MRViewController.h; sourceTree = "<group>"; };
		13A41D7818C954E4009A27DB /* MRViewController.m */ = {isa = PBXFileReference; lastKnownFileType = sourcecode.c.objc; path = MRViewController.m; sourceTree = "<group>"; };
		13A41D7A18C954E4009A27DB /* Images.xcassets */ = {isa = PBXFileReference; lastKnownFileType = folder.assetcatalog; path = Images.xcassets; sourceTree = "<group>"; };
		13A41D8018C954E4009A27DB /* Man's Best FriendTests.xctest */ = {isa = PBXFileReference; explicitFileType = wrapper.cfbundle; includeInIndex = 0; path = "Man's Best FriendTests.xctest"; sourceTree = BUILT_PRODUCTS_DIR; };
		13A41D8118C954E4009A27DB /* XCTest.framework */ = {isa = PBXFileReference; lastKnownFileType = wrapper.framework; name = XCTest.framework; path = Library/Frameworks/XCTest.framework; sourceTree = DEVELOPER_DIR; };
		13A41D8918C954E4009A27DB /* Man's Best FriendTests-Info.plist */ = {isa = PBXFileReference; lastKnownFileType = text.plist.xml; path = "Man's Best FriendTests-Info.plist"; sourceTree = "<group>"; };
		13A41D8B18C954E4009A27DB /* en */ = {isa = PBXFileReference; lastKnownFileType = text.plist.strings; name = en; path = en.lproj/InfoPlist.strings; sourceTree = "<group>"; };
		13A41D8D18C954E4009A27DB /* Man_s_Best_FriendTests.m */ = {isa = PBXFileReference; lastKnownFileType = sourcecode.c.objc; path = Man_s_Best_FriendTests.m; sourceTree = "<group>"; };
/* End PBXFileReference section */

/* Begin PBXFrameworksBuildPhase section */
		13A41D5C18C954E4009A27DB /* Frameworks */ = {
			isa = PBXFrameworksBuildPhase;
			buildActionMask = 2147483647;
			files = (
				13A41D6518C954E4009A27DB /* CoreGraphics.framework in Frameworks */,
				13A41D6718C954E4009A27DB /* UIKit.framework in Frameworks */,
				13A41D6318C954E4009A27DB /* Foundation.framework in Frameworks */,
			);
			runOnlyForDeploymentPostprocessing = 0;
		};
		13A41D7D18C954E4009A27DB /* Frameworks */ = {
			isa = PBXFrameworksBuildPhase;
			buildActionMask = 2147483647;
			files = (
				13A41D8218C954E4009A27DB /* XCTest.framework in Frameworks */,
				13A41D8418C954E4009A27DB /* UIKit.framework in Frameworks */,
				13A41D8318C954E4009A27DB /* Foundation.framework in Frameworks */,
			);
			runOnlyForDeploymentPostprocessing = 0;
		};
/* End PBXFrameworksBuildPhase section */

/* Begin PBXGroup section */
		13A41D5618C954E4009A27DB = {
			isa = PBXGroup;
			children = (
				13A41D6818C954E4009A27DB /* Man's Best Friend */,
				13A41D8718C954E4009A27DB /* Man's Best FriendTests */,
				13A41D6118C954E4009A27DB /* Frameworks */,
				13A41D6018C954E4009A27DB /* Products */,
			);
			sourceTree = "<group>";
		};
		13A41D6018C954E4009A27DB /* Products */ = {
			isa = PBXGroup;
			children = (
				13A41D5F18C954E4009A27DB /* Man's Best Friend.app */,
				13A41D8018C954E4009A27DB /* Man's Best FriendTests.xctest */,
			);
			name = Products;
			sourceTree = "<group>";
		};
		13A41D6118C954E4009A27DB /* Frameworks */ = {
			isa = PBXGroup;
			children = (
				13A41D6218C954E4009A27DB /* Foundation.framework */,
				13A41D6418C954E4009A27DB /* CoreGraphics.framework */,
				13A41D6618C954E4009A27DB /* UIKit.framework */,
				13A41D8118C954E4009A27DB /* XCTest.framework */,
			);
			name = Frameworks;
			sourceTree = "<group>";
		};
		13A41D6818C954E4009A27DB /* Man's Best Friend */ = {
			isa = PBXGroup;
			children = (
				13A41D7118C954E4009A27DB /* MRAppDelegate.h */,
				13A41D7218C954E4009A27DB /* MRAppDelegate.m */,
				13A41D7418C954E4009A27DB /* Main.storyboard */,
				13A41D7718C954E4009A27DB /* MRViewController.h */,
				13A41D7818C954E4009A27DB /* MRViewController.m */,
				13A41D7A18C954E4009A27DB /* Images.xcassets */,
				13A41D6918C954E4009A27DB /* Supporting Files */,
			);
			path = "Man's Best Friend";
			sourceTree = "<group>";
		};
		13A41D6918C954E4009A27DB /* Supporting Files */ = {
			isa = PBXGroup;
			children = (
				13A41D6A18C954E4009A27DB /* Man's Best Friend-Info.plist */,
				13A41D6B18C954E4009A27DB /* InfoPlist.strings */,
				13A41D6E18C954E4009A27DB /* main.m */,
				13A41D7018C954E4009A27DB /* Man's Best Friend-Prefix.pch */,
			);
			name = "Supporting Files";
			sourceTree = "<group>";
		};
		13A41D8718C954E4009A27DB /* Man's Best FriendTests */ = {
			isa = PBXGroup;
			children = (
				13A41D8D18C954E4009A27DB /* Man_s_Best_FriendTests.m */,
				13A41D8818C954E4009A27DB /* Supporting Files */,
			);
			path = "Man's Best FriendTests";
			sourceTree = "<group>";
		};
		13A41D8818C954E4009A27DB /* Supporting Files */ = {
			isa = PBXGroup;
			children = (
				13A41D8918C954E4009A27DB /* Man's Best FriendTests-Info.plist */,
				13A41D8A18C954E4009A27DB /* InfoPlist.strings */,
			);
			name = "Supporting Files";
			sourceTree = "<group>";
		};
/* End PBXGroup section */

/* Begin PBXNativeTarget section */
		13A41D5E18C954E4009A27DB /* Man's Best Friend */ = {
			isa = PBXNativeTarget;
			buildConfigurationList = 13A41D9118C954E4009A27DB /* Build configuration list for PBXNativeTarget "Man's Best Friend" */;
			buildPhases = (
				13A41D5B18C954E4009A27DB /* Sources */,
				13A41D5C18C954E4009A27DB /* Frameworks */,
				13A41D5D18C954E4009A27DB /* Resources */,
			);
			buildRules = (
			);
			dependencies = (
			);
			name = "Man's Best Friend";
			productName = "Man's Best Friend";
			productReference = 13A41D5F18C954E4009A27DB /* Man's Best Friend.app */;
			productType = "com.apple.product-type.application";
		};
		13A41D7F18C954E4009A27DB /* Man's Best FriendTests */ = {
			isa = PBXNativeTarget;
			buildConfigurationList = 13A41D9418C954E4009A27DB /* Build configuration list for PBXNativeTarget "Man's Best FriendTests" */;
			buildPhases = (
				13A41D7C18C954E4009A27DB /* Sources */,
				13A41D7D18C954E4009A27DB /* Frameworks */,
				13A41D7E18C954E4009A27DB /* Resources */,
			);
			buildRules = (
			);
			dependencies = (
				13A41D8618C954E4009A27DB /* PBXTargetDependency */,
			);
			name = "Man's Best FriendTests";
			productName = "Man's Best FriendTests";
			productReference = 13A41D8018C954E4009A27DB /* Man's Best FriendTests.xctest */;
			productType = "com.apple.product-type.bundle.unit-test";
		};
/* End PBXNativeTarget section */

/* Begin PBXProject section */
		13A41D5718C954E4009A27DB /* Project object */ = {
			isa = PBXProject;
			attributes = {
				CLASSPREFIX = MR;
				LastUpgradeCheck = 0510;
				ORGANIZATIONNAME = "Mark Rabins";
				TargetAttributes = {
					13A41D7F18C954E4009A27DB = {
						TestTargetID = 13A41D5E18C954E4009A27DB;
					};
				};
			};
			buildConfigurationList = 13A41D5A18C954E4009A27DB /* Build configuration list for PBXProject "Man's Best Friend" */;
			compatibilityVersion = "Xcode 3.2";
			developmentRegion = English;
			hasScannedForEncodings = 0;
			knownRegions = (
				en,
				Base,
			);
			mainGroup = 13A41D5618C954E4009A27DB;
			productRefGroup = 13A41D6018C954E4009A27DB /* Products */;
			projectDirPath = "";
			projectRoot = "";
			targets = (
				13A41D5E18C954E4009A27DB /* Man's Best Friend */,
				13A41D7F18C954E4009A27DB /* Man's Best FriendTests */,
			);
		};
/* End PBXProject section */

/* Begin PBXResourcesBuildPhase section */
		13A41D5D18C954E4009A27DB /* Resources */ = {
			isa = PBXResourcesBuildPhase;
			buildActionMask = 2147483647;
			files = (
				13A41D7B18C954E4009A27DB /* Images.xcassets in Resources */,
				13A41D6D18C954E4009A27DB /* InfoPlist.strings in Resources */,
				13A41D7618C954E4009A27DB /* Main.storyboard in Resources */,
			);
			runOnlyForDeploymentPostprocessing = 0;
		};
		13A41D7E18C954E4009A27DB /* Resources */ = {
			isa = PBXResourcesBuildPhase;
			buildActionMask = 2147483647;
			files = (
				13A41D8C18C954E4009A27DB /* InfoPlist.strings in Resources */,
			);
			runOnlyForDeploymentPostprocessing = 0;
		};
/* End PBXResourcesBuildPhase section */

/* Begin PBXSourcesBuildPhase section */
		13A41D5B18C954E4009A27DB /* Sources */ = {
			isa = PBXSourcesBuildPhase;
			buildActionMask = 2147483647;
			files = (
				13A41D6F18C954E4009A27DB /* main.m in Sources */,
				13A41D7918C954E4009A27DB /* MRViewController.m in Sources */,
				13A41D7318C954E4009A27DB /* MRAppDelegate.m in Sources */,
			);
			runOnlyForDeploymentPostprocessing = 0;
		};
		13A41D7C18C954E4009A27DB /* Sources */ = {
			isa = PBXSourcesBuildPhase;
			buildActionMask = 2147483647;
			files = (
				13A41D8E18C954E4009A27DB /* Man_s_Best_FriendTests.m in Sources */,
			);
			runOnlyForDeploymentPostprocessing = 0;
		};
/* End PBXSourcesBuildPhase section */

/* Begin PBXTargetDependency section */
		13A41D8618C954E4009A27DB /* PBXTargetDependency */ = {
			isa = PBXTargetDependency;
			target = 13A41D5E18C954E4009A27DB /* Man's Best Friend */;
			targetProxy = 13A41D8518C954E4009A27DB /* PBXContainerItemProxy */;
		};
/* End PBXTargetDependency section */

/* Begin PBXVariantGroup section */
		13A41D6B18C954E4009A27DB /* InfoPlist.strings */ = {
			isa = PBXVariantGroup;
			children = (
				13A41D6C18C954E4009A27DB /* en */,
			);
			name = InfoPlist.strings;
			sourceTree = "<group>";
		};
		13A41D7418C954E4009A27DB /* Main.storyboard */ = {
			isa = PBXVariantGroup;
			children = (
				13A41D7518C954E4009A27DB /* Base */,
			);
			name = Main.storyboard;
			sourceTree = "<group>";
		};
		13A41D8A18C954E4009A27DB /* InfoPlist.strings */ = {
			isa = PBXVariantGroup;
			children = (
				13A41D8B18C954E4009A27DB /* en */,
			);
			name = InfoPlist.strings;
			sourceTree = "<group>";
		};
/* End PBXVariantGroup section */

/* Begin XCBuildConfiguration section */
		13A41D8F18C954E4009A27DB /* Debug */ = {
			isa = XCBuildConfiguration;
			buildSettings = {
				ALWAYS_SEARCH_USER_PATHS = NO;
				CLANG_CXX_LANGUAGE_STANDARD = "gnu++0x";
				CLANG_CXX_LIBRARY = "libc++";
				CLANG_ENABLE_MODULES = YES;
				CLANG_ENABLE_OBJC_ARC = YES;
				CLANG_WARN_BOOL_CONVERSION = YES;
				CLANG_WARN_CONSTANT_CONVERSION = YES;
				CLANG_WARN_DIRECT_OBJC_ISA_USAGE = YES_ERROR;
				CLANG_WARN_EMPTY_BODY = YES;
				CLANG_WARN_ENUM_CONVERSION = YES;
				CLANG_WARN_INT_CONVERSION = YES;
				CLANG_WARN_OBJC_ROOT_CLASS = YES_ERROR;
				CLANG_WARN__DUPLICATE_METHOD_MATCH = YES;
				"CODE_SIGN_IDENTITY[sdk=iphoneos*]" = "iPhone Developer";
				COPY_PHASE_STRIP = NO;
				GCC_C_LANGUAGE_STANDARD = gnu99;
				GCC_DYNAMIC_NO_PIC = NO;
				GCC_OPTIMIZATION_LEVEL = 0;
				GCC_PREPROCESSOR_DEFINITIONS = (
					"DEBUG=1",
					"$(inherited)",
				);
				GCC_SYMBOLS_PRIVATE_EXTERN = NO;
				GCC_WARN_64_TO_32_BIT_CONVERSION = YES;
				GCC_WARN_ABOUT_RETURN_TYPE = YES_ERROR;
				GCC_WARN_UNDECLARED_SELECTOR = YES;
				GCC_WARN_UNINITIALIZED_AUTOS = YES_AGGRESSIVE;
				GCC_WARN_UNUSED_FUNCTION = YES;
				GCC_WARN_UNUSED_VARIABLE = YES;
				IPHONEOS_DEPLOYMENT_TARGET = 7.1;
				ONLY_ACTIVE_ARCH = YES;
				SDKROOT = iphoneos;
			};
			name = Debug;
		};
		13A41D9018C954E4009A27DB /* Release */ = {
			isa = XCBuildConfiguration;
			buildSettings = {
				ALWAYS_SEARCH_USER_PATHS = NO;
				CLANG_CXX_LANGUAGE_STANDARD = "gnu++0x";
				CLANG_CXX_LIBRARY = "libc++";
				CLANG_ENABLE_MODULES = YES;
				CLANG_ENABLE_OBJC_ARC = YES;
				CLANG_WARN_BOOL_CONVERSION = YES;
				CLANG_WARN_CONSTANT_CONVERSION = YES;
				CLANG_WARN_DIRECT_OBJC_ISA_USAGE = YES_ERROR;
				CLANG_WARN_EMPTY_BODY = YES;
				CLANG_WARN_ENUM_CONVERSION = YES;
				CLANG_WARN_INT_CONVERSION = YES;
				CLANG_WARN_OBJC_ROOT_CLASS = YES_ERROR;
				CLANG_WARN__DUPLICATE_METHOD_MATCH = YES;
				"CODE_SIGN_IDENTITY[sdk=iphoneos*]" = "iPhone Developer";
				COPY_PHASE_STRIP = YES;
				ENABLE_NS_ASSERTIONS = NO;
				GCC_C_LANGUAGE_STANDARD = gnu99;
				GCC_WARN_64_TO_32_BIT_CONVERSION = YES;
				GCC_WARN_ABOUT_RETURN_TYPE = YES_ERROR;
				GCC_WARN_UNDECLARED_SELECTOR = YES;
				GCC_WARN_UNINITIALIZED_AUTOS = YES_AGGRESSIVE;
				GCC_WARN_UNUSED_FUNCTION = YES;
				GCC_WARN_UNUSED_VARIABLE = YES;
				IPHONEOS_DEPLOYMENT_TARGET = 7.1;
				SDKROOT = iphoneos;
				VALIDATE_PRODUCT = YES;
			};
			name = Release;
		};
		13A41D9218C954E4009A27DB /* Debug */ = {
			isa = XCBuildConfiguration;
			buildSettings = {
				ASSETCATALOG_COMPILER_APPICON_NAME = AppIcon;
				ASSETCATALOG_COMPILER_LAUNCHIMAGE_NAME = LaunchImage;
				GCC_PRECOMPILE_PREFIX_HEADER = YES;
				GCC_PREFIX_HEADER = "Man's Best Friend/Man's Best Friend-Prefix.pch";
				INFOPLIST_FILE = "Man's Best Friend/Man's Best Friend-Info.plist";
				PRODUCT_NAME = "$(TARGET_NAME)";
				WRAPPER_EXTENSION = app;
			};
			name = Debug;
		};
		13A41D9318C954E4009A27DB /* Release */ = {
			isa = XCBuildConfiguration;
			buildSettings = {
				ASSETCATALOG_COMPILER_APPICON_NAME = AppIcon;
				ASSETCATALOG_COMPILER_LAUNCHIMAGE_NAME = LaunchImage;
				GCC_PRECOMPILE_PREFIX_HEADER = YES;
				GCC_PREFIX_HEADER = "Man's Best Friend/Man's Best Friend-Prefix.pch";
				INFOPLIST_FILE = "Man's Best Friend/Man's Best Friend-Info.plist";
				PRODUCT_NAME = "$(TARGET_NAME)";
				WRAPPER_EXTENSION = app;
			};
			name = Release;
		};
		13A41D9518C954E4009A27DB /* Debug */ = {
			isa = XCBuildConfiguration;
			buildSettings = {
				BUNDLE_LOADER = "$(BUILT_PRODUCTS_DIR)/Man's Best Friend.app/Man's Best Friend";
				FRAMEWORK_SEARCH_PATHS = (
					"$(SDKROOT)/Developer/Library/Frameworks",
					"$(inherited)",
					"$(DEVELOPER_FRAMEWORKS_DIR)",
				);
				GCC_PRECOMPILE_PREFIX_HEADER = YES;
				GCC_PREFIX_HEADER = "Man's Best Friend/Man's Best Friend-Prefix.pch";
				GCC_PREPROCESSOR_DEFINITIONS = (
					"DEBUG=1",
					"$(inherited)",
				);
				INFOPLIST_FILE = "Man's Best FriendTests/Man's Best FriendTests-Info.plist";
				PRODUCT_NAME = "$(TARGET_NAME)";
				TEST_HOST = "$(BUNDLE_LOADER)";
				WRAPPER_EXTENSION = xctest;
			};
			name = Debug;
		};
		13A41D9618C954E4009A27DB /* Release */ = {
			isa = XCBuildConfiguration;
			buildSettings = {
				BUNDLE_LOADER = "$(BUILT_PRODUCTS_DIR)/Man's Best Friend.app/Man's Best Friend";
				FRAMEWORK_SEARCH_PATHS = (
					"$(SDKROOT)/Developer/Library/Frameworks",
					"$(inherited)",
					"$(DEVELOPER_FRAMEWORKS_DIR)",
				);
				GCC_PRECOMPILE_PREFIX_HEADER = YES;
				GCC_PREFIX_HEADER = "Man's Best Friend/Man's Best Friend-Prefix.pch";
				INFOPLIST_FILE = "Man's Best FriendTests/Man's Best FriendTests-Info.plist";
				PRODUCT_NAME = "$(TARGET_NAME)";
				TEST_HOST = "$(BUNDLE_LOADER)";
				WRAPPER_EXTENSION = xctest;
			};
			name = Release;
		};
/* End XCBuildConfiguration section */

/* Begin XCConfigurationList section */
		13A41D5A18C954E4009A27DB /* Build configuration list for PBXProject "Man's Best Friend" */ = {
			isa = XCConfigurationList;
			buildConfigurations = (
				13A41D8F18C954E4009A27DB /* Debug */,
				13A41D9018C954E4009A27DB /* Release */,
			);
			defaultConfigurationIsVisible = 0;
			defaultConfigurationName = Release;
		};
		13A41D9118C954E4009A27DB /* Build configuration list for PBXNativeTarget "Man's Best Friend" */ = {
			isa = XCConfigurationList;
			buildConfigurations = (
				13A41D9218C954E4009A27DB /* Debug */,
				13A41D9318C954E4009A27DB /* Release */,
			);
			defaultConfigurationIsVisible = 0;
		};
		13A41D9418C954E4009A27DB /* Build configuration list for PBXNativeTarget "Man's Best FriendTests" */ = {
			isa = XCConfigurationList;
			buildConfigurations = (
				13A41D9518C954E4009A27DB /* Debug */,
				13A41D9618C954E4009A27DB /* Release */,
			);
			defaultConfigurationIsVisible = 0;
		};
/* End XCConfigurationList section */
	};
	rootObject = 13A41D5718C954E4009A27DB /* Project object */;
}
